
Microsoft Visual Studio Solution File, Format Version 12.00
# Visual Studio 15
VisualStudioVersion = 15.0.28307.106
MinimumVisualStudioVersion = 10.0.40219.1
Project("{2150E333-8FDC-42A3-9474-1A3956D46DE8}") = "Data", "Data", "{03B6802A-4A52-4ACB-B8F0-452CBC48C07E}"
EndProject
Project("{FAE04EC0-301F-11D3-BF4B-00C04F79EFBC}") = "StudentSystem.Data", "Data\StudentSystem.Data\StudentSystem.Data.csproj", "{AEAF0D34-C29C-44AF-9906-39D069657D47}"
EndProject
Global
	GlobalSection(SolutionConfigurationPlatforms) = preSolution
		Debug|Any CPU = Debug|Any CPU
		Release|Any CPU = Release|Any CPU
	EndGlobalSection
	GlobalSection(ProjectConfigurationPlatforms) = postSolution
		{AEAF0D34-C29C-44AF-9906-39D069657D47}.Debug|Any CPU.ActiveCfg = Debug|Any CPU
		{AEAF0D34-C29C-44AF-9906-39D069657D47}.Debug|Any CPU.Build.0 = Debug|Any CPU
		{AEAF0D34-C29C-44AF-9906-39D069657D47}.Release|Any CPU.ActiveCfg = Release|Any CPU
		{AEAF0D34-C29C-44AF-9906-39D069657D47}.Release|Any CPU.Build.0 = Release|Any CPU
	EndGlobalSection
	GlobalSection(SolutionProperties) = preSolution
		HideSolutionNode = FALSE
	EndGlobalSection
	GlobalSection(NestedProjects) = preSolution
		{AEAF0D34-C29C-44AF-9906-39D069657D47} = {03B6802A-4A52-4ACB-B8F0-452CBC48C07E}
	EndGlobalSection
	GlobalSection(ExtensibilityGlobals) = postSolution
		SolutionGuid = {16099E54-6515-4A7B-BD95-D7463FD735E5}
	EndGlobalSection
EndGlobal
