
Microsoft Visual Studio Solution File, Format Version 12.00
# Visual Studio 15
VisualStudioVersion = 15.0.28307.106
MinimumVisualStudioVersion = 10.0.40219.1
Project("{2150E333-8FDC-42A3-9474-1A3956D46DE8}") = "Data", "Data", "{03B6802A-4A52-4ACB-B8F0-452CBC48C07E}"
EndProject
Project("{FAE04EC0-301F-11D3-BF4B-00C04F79EFBC}") = "StudentSystem.Data", "Data\StudentSystem.Data\StudentSystem.Data.csproj", "{AEAF0D34-C29C-44AF-9906-39D069657D47}"
EndProject
Project("{FAE04EC0-301F-11D3-BF4B-00C04F79EFBC}") = "StudentSystem.Data.Models", "Data\StudentSystem.Data.Models\StudentSystem.Data.Models.csproj", "{261E57E6-8A7B-4673-A9E4-314064442E08}"
EndProject
Project("{2150E333-8FDC-42A3-9474-1A3956D46DE8}") = "Common", "Common", "{C3BF1B97-9D0E-4550-B68A-41DEE3B45E1A}"
EndProject
Project("{FAE04EC0-301F-11D3-BF4B-00C04F79EFBC}") = "StudentSystem.Common", "Common\StudentSystem.Common\StudentSystem.Common.csproj", "{D303E50C-DADA-4DD9-9A19-8EB6F1DAA3C7}"
EndProject
Project("{2150E333-8FDC-42A3-9474-1A3956D46DE8}") = "Services", "Services", "{A38290D9-D180-4823-A454-33C3339174B4}"
EndProject
Project("{FAE04EC0-301F-11D3-BF4B-00C04F79EFBC}") = "StudentSystem.Services.Web", "Services\StudentSystem.Services.Web\StudentSystem.Services.Web.csproj", "{B189491A-68A0-4650-8A7A-184058BFA238}"
EndProject
Project("{FAE04EC0-301F-11D3-BF4B-00C04F79EFBC}") = "StudentSystem.Services.Models.Web", "Services\StudentSystem.Services.Models.Web\StudentSystem.Services.Models.Web.csproj", "{17C7A81D-A24E-42F7-A28B-F6326E814C0D}"
EndProject
Project("{2150E333-8FDC-42A3-9474-1A3956D46DE8}") = "Clients", "Clients", "{3C3A222C-503C-4866-8FD6-BCAA010E420B}"
EndProject
Project("{FAE04EC0-301F-11D3-BF4B-00C04F79EFBC}") = "StudentSystem.Clients.Services.Web", "Clients\StudentSystem.Clients.Services.Web\StudentSystem.Clients.Services.Web.csproj", "{F2623CAF-56EE-4C9D-9699-A05A6167B9BC}"
EndProject
Project("{FAE04EC0-301F-11D3-BF4B-00C04F79EFBC}") = "StudentSystem.Clients.Web", "Clients\StudentSystem.Clients.Web\StudentSystem.Clients.Web.csproj", "{7024AADF-BFD6-4E4F-8561-290844B9B871}"
EndProject
Project("{2150E333-8FDC-42A3-9474-1A3956D46DE8}") = "IoCContainer", "IoCContainer", "{68DA9C69-62C0-4290-83CF-D9C12D58DBEE}"
EndProject
Project("{FAE04EC0-301F-11D3-BF4B-00C04F79EFBC}") = "StudentSystem.IoCContainer.Packages", "IoCContainer\StudentSystem.IoCContainer.Packages\StudentSystem.IoCContainer.Packages.csproj", "{6BF358C5-9918-487C-B0F8-C5D1F5E5CB05}"
EndProject
Project("{FAE04EC0-301F-11D3-BF4B-00C04F79EFBC}") = "StudentSystem.Services.Api", "Services\StudentSystem.Services.Api\StudentSystem.Services.Api.csproj", "{F5640FB2-3FCA-4FCF-8254-D3E34960AB6D}"
EndProject
Global
	GlobalSection(SolutionConfigurationPlatforms) = preSolution
		Debug|Any CPU = Debug|Any CPU
		Release|Any CPU = Release|Any CPU
	EndGlobalSection
	GlobalSection(ProjectConfigurationPlatforms) = postSolution
		{AEAF0D34-C29C-44AF-9906-39D069657D47}.Debug|Any CPU.ActiveCfg = Debug|Any CPU
		{AEAF0D34-C29C-44AF-9906-39D069657D47}.Debug|Any CPU.Build.0 = Debug|Any CPU
		{AEAF0D34-C29C-44AF-9906-39D069657D47}.Release|Any CPU.ActiveCfg = Release|Any CPU
		{AEAF0D34-C29C-44AF-9906-39D069657D47}.Release|Any CPU.Build.0 = Release|Any CPU
		{261E57E6-8A7B-4673-A9E4-314064442E08}.Debug|Any CPU.ActiveCfg = Debug|Any CPU
		{261E57E6-8A7B-4673-A9E4-314064442E08}.Debug|Any CPU.Build.0 = Debug|Any CPU
		{261E57E6-8A7B-4673-A9E4-314064442E08}.Release|Any CPU.ActiveCfg = Release|Any CPU
		{261E57E6-8A7B-4673-A9E4-314064442E08}.Release|Any CPU.Build.0 = Release|Any CPU
		{D303E50C-DADA-4DD9-9A19-8EB6F1DAA3C7}.Debug|Any CPU.ActiveCfg = Debug|Any CPU
		{D303E50C-DADA-4DD9-9A19-8EB6F1DAA3C7}.Debug|Any CPU.Build.0 = Debug|Any CPU
		{D303E50C-DADA-4DD9-9A19-8EB6F1DAA3C7}.Release|Any CPU.ActiveCfg = Release|Any CPU
		{D303E50C-DADA-4DD9-9A19-8EB6F1DAA3C7}.Release|Any CPU.Build.0 = Release|Any CPU
		{B189491A-68A0-4650-8A7A-184058BFA238}.Debug|Any CPU.ActiveCfg = Debug|Any CPU
		{B189491A-68A0-4650-8A7A-184058BFA238}.Debug|Any CPU.Build.0 = Debug|Any CPU
		{B189491A-68A0-4650-8A7A-184058BFA238}.Release|Any CPU.ActiveCfg = Release|Any CPU
		{B189491A-68A0-4650-8A7A-184058BFA238}.Release|Any CPU.Build.0 = Release|Any CPU
		{17C7A81D-A24E-42F7-A28B-F6326E814C0D}.Debug|Any CPU.ActiveCfg = Debug|Any CPU
		{17C7A81D-A24E-42F7-A28B-F6326E814C0D}.Debug|Any CPU.Build.0 = Debug|Any CPU
		{17C7A81D-A24E-42F7-A28B-F6326E814C0D}.Release|Any CPU.ActiveCfg = Release|Any CPU
		{17C7A81D-A24E-42F7-A28B-F6326E814C0D}.Release|Any CPU.Build.0 = Release|Any CPU
		{F2623CAF-56EE-4C9D-9699-A05A6167B9BC}.Debug|Any CPU.ActiveCfg = Debug|Any CPU
		{F2623CAF-56EE-4C9D-9699-A05A6167B9BC}.Debug|Any CPU.Build.0 = Debug|Any CPU
		{F2623CAF-56EE-4C9D-9699-A05A6167B9BC}.Release|Any CPU.ActiveCfg = Release|Any CPU
		{F2623CAF-56EE-4C9D-9699-A05A6167B9BC}.Release|Any CPU.Build.0 = Release|Any CPU
		{7024AADF-BFD6-4E4F-8561-290844B9B871}.Debug|Any CPU.ActiveCfg = Debug|Any CPU
		{7024AADF-BFD6-4E4F-8561-290844B9B871}.Debug|Any CPU.Build.0 = Debug|Any CPU
		{7024AADF-BFD6-4E4F-8561-290844B9B871}.Release|Any CPU.ActiveCfg = Release|Any CPU
		{7024AADF-BFD6-4E4F-8561-290844B9B871}.Release|Any CPU.Build.0 = Release|Any CPU
		{6BF358C5-9918-487C-B0F8-C5D1F5E5CB05}.Debug|Any CPU.ActiveCfg = Debug|Any CPU
		{6BF358C5-9918-487C-B0F8-C5D1F5E5CB05}.Debug|Any CPU.Build.0 = Debug|Any CPU
		{6BF358C5-9918-487C-B0F8-C5D1F5E5CB05}.Release|Any CPU.ActiveCfg = Release|Any CPU
		{6BF358C5-9918-487C-B0F8-C5D1F5E5CB05}.Release|Any CPU.Build.0 = Release|Any CPU
		{F5640FB2-3FCA-4FCF-8254-D3E34960AB6D}.Debug|Any CPU.ActiveCfg = Debug|Any CPU
		{F5640FB2-3FCA-4FCF-8254-D3E34960AB6D}.Debug|Any CPU.Build.0 = Debug|Any CPU
		{F5640FB2-3FCA-4FCF-8254-D3E34960AB6D}.Release|Any CPU.ActiveCfg = Release|Any CPU
		{F5640FB2-3FCA-4FCF-8254-D3E34960AB6D}.Release|Any CPU.Build.0 = Release|Any CPU
	EndGlobalSection
	GlobalSection(SolutionProperties) = preSolution
		HideSolutionNode = FALSE
	EndGlobalSection
	GlobalSection(NestedProjects) = preSolution
		{AEAF0D34-C29C-44AF-9906-39D069657D47} = {03B6802A-4A52-4ACB-B8F0-452CBC48C07E}
		{261E57E6-8A7B-4673-A9E4-314064442E08} = {03B6802A-4A52-4ACB-B8F0-452CBC48C07E}
		{D303E50C-DADA-4DD9-9A19-8EB6F1DAA3C7} = {C3BF1B97-9D0E-4550-B68A-41DEE3B45E1A}
		{B189491A-68A0-4650-8A7A-184058BFA238} = {A38290D9-D180-4823-A454-33C3339174B4}
		{17C7A81D-A24E-42F7-A28B-F6326E814C0D} = {A38290D9-D180-4823-A454-33C3339174B4}
		{F2623CAF-56EE-4C9D-9699-A05A6167B9BC} = {3C3A222C-503C-4866-8FD6-BCAA010E420B}
		{7024AADF-BFD6-4E4F-8561-290844B9B871} = {3C3A222C-503C-4866-8FD6-BCAA010E420B}
		{6BF358C5-9918-487C-B0F8-C5D1F5E5CB05} = {68DA9C69-62C0-4290-83CF-D9C12D58DBEE}
		{F5640FB2-3FCA-4FCF-8254-D3E34960AB6D} = {A38290D9-D180-4823-A454-33C3339174B4}
	EndGlobalSection
	GlobalSection(ExtensibilityGlobals) = postSolution
		SolutionGuid = {16099E54-6515-4A7B-BD95-D7463FD735E5}
	EndGlobalSection
EndGlobal
